
Microsoft Visual Studio Solution File, Format Version 12.00
# Visual Studio 15
VisualStudioVersion = 15.0.27703.2042
MinimumVisualStudioVersion = 10.0.40219.1
Project("{FAE04EC0-301F-11D3-BF4B-00C04F79EFBC}") = "RoutePlanner", "RoutePlanner\RoutePlanner.csproj", "{C05590D7-8169-4F2A-AEB5-C2BDA64199D3}"
EndProject
Global
	GlobalSection(SolutionConfigurationPlatforms) = preSolution
		Debug|Any CPU = Debug|Any CPU
		Release|Any CPU = Release|Any CPU
	EndGlobalSection
	GlobalSection(ProjectConfigurationPlatforms) = postSolution
		{C05590D7-8169-4F2A-AEB5-C2BDA64199D3}.Debug|Any CPU.ActiveCfg = Debug|Any CPU
		{C05590D7-8169-4F2A-AEB5-C2BDA64199D3}.Debug|Any CPU.Build.0 = Debug|Any CPU
		{C05590D7-8169-4F2A-AEB5-C2BDA64199D3}.Release|Any CPU.ActiveCfg = Release|Any CPU
		{C05590D7-8169-4F2A-AEB5-C2BDA64199D3}.Release|Any CPU.Build.0 = Release|Any CPU
	EndGlobalSection
	GlobalSection(SolutionProperties) = preSolution
		HideSolutionNode = FALSE
	EndGlobalSection
	GlobalSection(ExtensibilityGlobals) = postSolution
		SolutionGuid = {F1E70FDF-885E-42B2-BD4E-3F0C00691A39}
	EndGlobalSection
EndGlobal
